
Microsoft Visual Studio Solution File, Format Version 12.00
# Visual Studio Version 16
VisualStudioVersion = 16.0.29926.136
MinimumVisualStudioVersion = 10.0.40219.1
Project("{FAE04EC0-301F-11D3-BF4B-00C04F79EFBC}") = "Api.GW.BainoBank", "Api.GW.BainoBank\Api.GW.BainoBank.csproj", "{F79E6E0A-E8CA-4B4A-B60B-DC53096DEF01}"
EndProject
Global
	GlobalSection(SolutionConfigurationPlatforms) = preSolution
		Debug|Any CPU = Debug|Any CPU
		Release|Any CPU = Release|Any CPU
	EndGlobalSection
	GlobalSection(ProjectConfigurationPlatforms) = postSolution
		{F79E6E0A-E8CA-4B4A-B60B-DC53096DEF01}.Debug|Any CPU.ActiveCfg = Debug|Any CPU
		{F79E6E0A-E8CA-4B4A-B60B-DC53096DEF01}.Debug|Any CPU.Build.0 = Debug|Any CPU
		{F79E6E0A-E8CA-4B4A-B60B-DC53096DEF01}.Release|Any CPU.ActiveCfg = Release|Any CPU
		{F79E6E0A-E8CA-4B4A-B60B-DC53096DEF01}.Release|Any CPU.Build.0 = Release|Any CPU
	EndGlobalSection
	GlobalSection(SolutionProperties) = preSolution
		HideSolutionNode = FALSE
	EndGlobalSection
	GlobalSection(ExtensibilityGlobals) = postSolution
		SolutionGuid = {9F178C7D-91E2-4A64-AC45-3DB8115A5E48}
	EndGlobalSection
EndGlobal
